
Microsoft Visual Studio Solution File, Format Version 12.00
# Visual Studio Version 16
VisualStudioVersion = 16.0.31729.503
MinimumVisualStudioVersion = 10.0.40219.1
Project("{9A19103F-16F7-4668-BE54-9A1E7A4F7556}") = "DigitalTravelPlatform", "DigitalTravelPlatform\DigitalTravelPlatform.csproj", "{77A9700A-0F8B-44ED-9D74-AB6C78829257}"
EndProject
Project("{FAE04EC0-301F-11D3-BF4B-00C04F79EFBC}") = "DTP.Entity", "DTP.Entity\DTP.Entity.csproj", "{2D826676-D478-4408-B188-28FECBD3607B}"
EndProject
Global
	GlobalSection(SolutionConfigurationPlatforms) = preSolution
		Debug|Any CPU = Debug|Any CPU
		Release|Any CPU = Release|Any CPU
	EndGlobalSection
	GlobalSection(ProjectConfigurationPlatforms) = postSolution
		{77A9700A-0F8B-44ED-9D74-AB6C78829257}.Debug|Any CPU.ActiveCfg = Debug|Any CPU
		{77A9700A-0F8B-44ED-9D74-AB6C78829257}.Debug|Any CPU.Build.0 = Debug|Any CPU
		{77A9700A-0F8B-44ED-9D74-AB6C78829257}.Release|Any CPU.ActiveCfg = Release|Any CPU
		{77A9700A-0F8B-44ED-9D74-AB6C78829257}.Release|Any CPU.Build.0 = Release|Any CPU
		{2D826676-D478-4408-B188-28FECBD3607B}.Debug|Any CPU.ActiveCfg = Debug|Any CPU
		{2D826676-D478-4408-B188-28FECBD3607B}.Debug|Any CPU.Build.0 = Debug|Any CPU
		{2D826676-D478-4408-B188-28FECBD3607B}.Release|Any CPU.ActiveCfg = Release|Any CPU
		{2D826676-D478-4408-B188-28FECBD3607B}.Release|Any CPU.Build.0 = Release|Any CPU
	EndGlobalSection
	GlobalSection(SolutionProperties) = preSolution
		HideSolutionNode = FALSE
	EndGlobalSection
	GlobalSection(ExtensibilityGlobals) = postSolution
		SolutionGuid = {CE832C44-6F86-464A-8530-DB8304A21E1A}
	EndGlobalSection
EndGlobal
